
Microsoft Visual Studio Solution File, Format Version 12.00
# Visual Studio Version 16
VisualStudioVersion = 16.0.30517.126
MinimumVisualStudioVersion = 10.0.40219.1
Project("{FAE04EC0-301F-11D3-BF4B-00C04F79EFBC}") = "ConsoleApp19", "ConsoleApp19\ConsoleApp19.csproj", "{0F503838-5778-4295-993E-01F81C6ED8CD}"
EndProject
Global
	GlobalSection(SolutionConfigurationPlatforms) = preSolution
		Debug|Any CPU = Debug|Any CPU
		Release|Any CPU = Release|Any CPU
	EndGlobalSection
	GlobalSection(ProjectConfigurationPlatforms) = postSolution
		{0F503838-5778-4295-993E-01F81C6ED8CD}.Debug|Any CPU.ActiveCfg = Debug|Any CPU
		{0F503838-5778-4295-993E-01F81C6ED8CD}.Debug|Any CPU.Build.0 = Debug|Any CPU
		{0F503838-5778-4295-993E-01F81C6ED8CD}.Release|Any CPU.ActiveCfg = Release|Any CPU
		{0F503838-5778-4295-993E-01F81C6ED8CD}.Release|Any CPU.Build.0 = Release|Any CPU
	EndGlobalSection
	GlobalSection(SolutionProperties) = preSolution
		HideSolutionNode = FALSE
	EndGlobalSection
	GlobalSection(ExtensibilityGlobals) = postSolution
		SolutionGuid = {28EA8E18-9ECE-404A-94E9-391BBE34E63F}
	EndGlobalSection
EndGlobal
